
Microsoft Visual Studio Solution File, Format Version 12.00
# Visual Studio Version 16
VisualStudioVersion = 16.0.29409.12
MinimumVisualStudioVersion = 10.0.40219.1
Project("{FAE04EC0-301F-11D3-BF4B-00C04F79EFBC}") = "RapShortCs", "RapShortCs.csproj", "{B741286E-CB60-42D9-AFBE-95E06BB63CB0}"
EndProject
Global
	GlobalSection(SolutionConfigurationPlatforms) = preSolution
		Debug|Any CPU = Debug|Any CPU
		Release|Any CPU = Release|Any CPU
	EndGlobalSection
	GlobalSection(ProjectConfigurationPlatforms) = postSolution
		{B741286E-CB60-42D9-AFBE-95E06BB63CB0}.Debug|Any CPU.ActiveCfg = Debug|Any CPU
		{B741286E-CB60-42D9-AFBE-95E06BB63CB0}.Debug|Any CPU.Build.0 = Debug|Any CPU
		{B741286E-CB60-42D9-AFBE-95E06BB63CB0}.Release|Any CPU.ActiveCfg = Release|Any CPU
		{B741286E-CB60-42D9-AFBE-95E06BB63CB0}.Release|Any CPU.Build.0 = Release|Any CPU
	EndGlobalSection
	GlobalSection(SolutionProperties) = preSolution
		HideSolutionNode = FALSE
	EndGlobalSection
	GlobalSection(ExtensibilityGlobals) = postSolution
		SolutionGuid = {0D22BC13-17E6-48A4-8214-B5644929CA0F}
	EndGlobalSection
EndGlobal
